<?xml version="1.0" encoding="utf-8"?>
<Project ToolsVersion="4.0" xmlns="http://schemas.microsoft.com/developer/msbuild/2003">
  <ItemGroup>
    <Filter Include="Source Files">
      <UniqueIdentifier>{8bb7d4a8-de3a-4fc2-aff1-a2cca01730d4}</UniqueIdentifier>
      <Extensions>cpp;c;cxx;rc;def;r;odl;idl;hpj;bat</Extensions>
    </Filter>
    <Filter Include="Header Files">
      <UniqueIdentifier>{d96353b2-6c69-4cae-8793-b2b0db3f78bf}</UniqueIdentifier>
      <Extensions>h;hpp;hxx;hm;inl</Extensions>
    </Filter>
    <Filter Include="Resource Files">
      <UniqueIdentifier>{34ab480e-c7d9-4c3c-b1eb-94b1dd51ce1e}</UniqueIdentifier>
      <Extensions>ico;cur;bmp;dlg;rc2;rct;bin;rgs;gif;jpg;jpeg;jpe</Extensions>
    </Filter>
  </ItemGroup>
  <ItemGroup>
    <ClCompile Include="Building.cpp">
      <Filter>Source Files</Filter>
    </ClCompile>
    <ClCompile Include="City.cpp">
      <Filter>Source Files</Filter>
    </ClCompile>
    <ClCompile Include="City_Econ.cpp">
      <Filter>Source Files</Filter>
    </ClCompile>
    <ClCompile Include="CityDate.cpp">
      <Filter>Source Files</Filter>
    </ClCompile>
    <ClCompile Include="CityDoc.cpp">
      <Filter>Source Files</Filter>
    </ClCompile>
    <ClCompile Include="CityGenericItem.cpp">
      <Filter>Source Files</Filter>
    </ClCompile>
    <ClCompile Include="CityManager.cpp">
      <Filter>Source Files</Filter>
    </ClCompile>
    <ClCompile Include="CityObj.cpp">
      <Filter>Source Files</Filter>
    </ClCompile>
    <ClCompile Include="CityView.cpp">
      <Filter>Source Files</Filter>
    </ClCompile>
    <ClCompile Include="Grid.cpp">
      <Filter>Source Files</Filter>
    </ClCompile>
    <ClCompile Include="GridCell.cpp">
      <Filter>Source Files</Filter>
    </ClCompile>
    <ClCompile Include="MainFrm.cpp">
      <Filter>Source Files</Filter>
    </ClCompile>
    <ClCompile Include="StdAfx.cpp">
      <Filter>Source Files</Filter>
    </ClCompile>
    <ClCompile Include="ToolBox.cpp">
      <Filter>Source Files</Filter>
    </ClCompile>
    <ClCompile Include="ToolWindow.cpp">
      <Filter>Source Files</Filter>
    </ClCompile>
  </ItemGroup>
  <ItemGroup>
    <ClInclude Include="Building.h">
      <Filter>Header Files</Filter>
    </ClInclude>
    <ClInclude Include="City.h">
      <Filter>Header Files</Filter>
    </ClInclude>
    <ClInclude Include="City_Econ.h">
      <Filter>Header Files</Filter>
    </ClInclude>
    <ClInclude Include="CityDate.h">
      <Filter>Header Files</Filter>
    </ClInclude>
    <ClInclude Include="CityDoc.h">
      <Filter>Header Files</Filter>
    </ClInclude>
    <ClInclude Include="CityGenericItem.h">
      <Filter>Header Files</Filter>
    </ClInclude>
    <ClInclude Include="CityManager.h">
      <Filter>Header Files</Filter>
    </ClInclude>
    <ClInclude Include="CityObj.h">
      <Filter>Header Files</Filter>
    </ClInclude>
    <ClInclude Include="CityView.h">
      <Filter>Header Files</Filter>
    </ClInclude>
    <ClInclude Include="Grid.h">
      <Filter>Header Files</Filter>
    </ClInclude>
    <ClInclude Include="GridCell.h">
      <Filter>Header Files</Filter>
    </ClInclude>
    <ClInclude Include="MainFrm.h">
      <Filter>Header Files</Filter>
    </ClInclude>
    <ClInclude Include="Resource.h">
      <Filter>Header Files</Filter>
    </ClInclude>
    <ClInclude Include="StdAfx.h">
      <Filter>Header Files</Filter>
    </ClInclude>
    <ClInclude Include="ToolBox.h">
      <Filter>Header Files</Filter>
    </ClInclude>
    <ClInclude Include="ToolWindow.h">
      <Filter>Header Files</Filter>
    </ClInclude>
    <ClInclude Include="type.h">
      <Filter>Header Files</Filter>
    </ClInclude>
  </ItemGroup>
  <ItemGroup>
    <Image Include="res\bighouse00001.bmp">
      <Filter>Resource Files</Filter>
    </Image>
    <Image Include="res\bitmap1.bmp">
      <Filter>Resource Files</Filter>
    </Image>
    <Image Include="res\bmp00001.bmp">
      <Filter>Resource Files</Filter>
    </Image>
    <Image Include="res\bmp00002.bmp">
      <Filter>Resource Files</Filter>
    </Image>
    <Image Include="res\bmp00003.bmp">
      <Filter>Resource Files</Filter>
    </Image>
    <Image Include="res\bmp00004.bmp">
      <Filter>Resource Files</Filter>
    </Image>
    <Image Include="res\bmp00005.bmp">
      <Filter>Resource Files</Filter>
    </Image>
    <Image Include="res\bmp00006.bmp">
      <Filter>Resource Files</Filter>
    </Image>
    <Image Include="res\bmp00007.bmp">
      <Filter>Resource Files</Filter>
    </Image>
    <Image Include="res\bmp00008.bmp">
      <Filter>Resource Files</Filter>
    </Image>
    <Image Include="res\business0001.bmp">
      <Filter>Resource Files</Filter>
    </Image>
    <Image Include="res\City.ico">
      <Filter>Resource Files</Filter>
    </Image>
    <Image Include="res\CityDoc.ico">
      <Filter>Resource Files</Filter>
    </Image>
    <Image Include="res\condo00001.bmp">
      <Filter>Resource Files</Filter>
    </Image>
    <Image Include="res\HIRISE0001.bmp">
      <Filter>Resource Files</Filter>
    </Image>
    <Image Include="res\HOUSE0002.bmp">
      <Filter>Resource Files</Filter>
    </Image>
    <Image Include="res\road_1.bmp">
      <Filter>Resource Files</Filter>
    </Image>
    <Image Include="res\store00001.bmp">
      <Filter>Resource Files</Filter>
    </Image>
    <Image Include="res\Toolbar.bmp">
      <Filter>Resource Files</Filter>
    </Image>
  </ItemGroup>
  <ItemGroup>
    <None Include="res\City.rc2">
      <Filter>Resource Files</Filter>
    </None>
    <None Include="City.reg" />
    <None Include="City.ncb" />
    <None Include="City.clw" />
    <None Include="City.opt" />
    <None Include="City.plg" />
  </ItemGroup>
  <ItemGroup>
    <ResourceCompile Include="City.rc">
      <Filter>Source Files</Filter>
    </ResourceCompile>
  </ItemGroup>
</Project>